
Microsoft Visual Studio Solution File, Format Version 11.00
# Visual Studio 2010
Project("{FAE04EC0-301F-11D3-BF4B-00C04F79EFBC}") = "Tutorial1", "Tutorial1\Tutorial1.csproj", "{E0A2F427-9EBB-41E8-BE12-7C7CD0CB409C}"
EndProject
Project("{FAE04EC0-301F-11D3-BF4B-00C04F79EFBC}") = "Ch3Tutorial1", "Ch3Tutorial1\Ch3Tutorial1.csproj", "{33FADC5E-1B8F-4704-A1DB-4D9F393B31CF}"
EndProject
Project("{FAE04EC0-301F-11D3-BF4B-00C04F79EFBC}") = "Ch3Tutorial2", "Ch3Tutorial2\Ch3Tutorial2.csproj", "{A3CE99A1-C587-4AC0-89D2-BD2FC0EF76DE}"
EndProject
Project("{FAE04EC0-301F-11D3-BF4B-00C04F79EFBC}") = "Ch4Tutorial1", "Ch4Tutorial1\Ch4Tutorial1.csproj", "{32398AD4-7205-4EB9-A88A-0B93839F1541}"
EndProject
Project("{FAE04EC0-301F-11D3-BF4B-00C04F79EFBC}") = "Ch5Tutorial1", "Ch5Tutorial1\Ch5Tutorial1.csproj", "{4DD16D42-8CCE-4557-863C-F47D81DD3498}"
EndProject
Project("{FAE04EC0-301F-11D3-BF4B-00C04F79EFBC}") = "DelegatesAndRefs", "DelegatesAndRefs\DelegatesAndRefs.csproj", "{D06001D0-C8BF-4187-8A97-E9161A545914}"
EndProject
Project("{FAE04EC0-301F-11D3-BF4B-00C04F79EFBC}") = "ClassVsStruct", "ClassVsStruct\ClassVsStruct.csproj", "{2B8C8839-026C-4030-A2D6-EE8A7DFDD5C0}"
EndProject
Project("{FAE04EC0-301F-11D3-BF4B-00C04F79EFBC}") = "FieldMethodProperties", "FieldMethodProperties\FieldMethodProperties.csproj", "{46502E73-9957-4229-9759-8B83B842A91F}"
EndProject
Project("{FAE04EC0-301F-11D3-BF4B-00C04F79EFBC}") = "CardsLibrary", "CardsLibrary\CardsLibrary.csproj", "{59A8BE0E-4238-4F00-986E-6E51E0E33FD2}"
EndProject
Project("{FAE04EC0-301F-11D3-BF4B-00C04F79EFBC}") = "CardClientTutorial", "CardClientTutorial\CardClientTutorial.csproj", "{587DFF05-C323-4F01-B31A-1995FEB73E46}"
EndProject
Project("{FAE04EC0-301F-11D3-BF4B-00C04F79EFBC}") = "ArrayOrCollection", "ArrayOrCollection\ArrayOrCollection.csproj", "{12CE232B-8E32-4937-A429-5021369451F5}"
EndProject
Global
	GlobalSection(SolutionConfigurationPlatforms) = preSolution
		Debug|Any CPU = Debug|Any CPU
		Debug|Mixed Platforms = Debug|Mixed Platforms
		Debug|x86 = Debug|x86
		Release|Any CPU = Release|Any CPU
		Release|Mixed Platforms = Release|Mixed Platforms
		Release|x86 = Release|x86
	EndGlobalSection
	GlobalSection(ProjectConfigurationPlatforms) = postSolution
		{E0A2F427-9EBB-41E8-BE12-7C7CD0CB409C}.Debug|Any CPU.ActiveCfg = Debug|x86
		{E0A2F427-9EBB-41E8-BE12-7C7CD0CB409C}.Debug|Mixed Platforms.ActiveCfg = Debug|x86
		{E0A2F427-9EBB-41E8-BE12-7C7CD0CB409C}.Debug|Mixed Platforms.Build.0 = Debug|x86
		{E0A2F427-9EBB-41E8-BE12-7C7CD0CB409C}.Debug|x86.ActiveCfg = Debug|x86
		{E0A2F427-9EBB-41E8-BE12-7C7CD0CB409C}.Debug|x86.Build.0 = Debug|x86
		{E0A2F427-9EBB-41E8-BE12-7C7CD0CB409C}.Release|Any CPU.ActiveCfg = Release|x86
		{E0A2F427-9EBB-41E8-BE12-7C7CD0CB409C}.Release|Mixed Platforms.ActiveCfg = Release|x86
		{E0A2F427-9EBB-41E8-BE12-7C7CD0CB409C}.Release|Mixed Platforms.Build.0 = Release|x86
		{E0A2F427-9EBB-41E8-BE12-7C7CD0CB409C}.Release|x86.ActiveCfg = Release|x86
		{E0A2F427-9EBB-41E8-BE12-7C7CD0CB409C}.Release|x86.Build.0 = Release|x86
		{33FADC5E-1B8F-4704-A1DB-4D9F393B31CF}.Debug|Any CPU.ActiveCfg = Debug|x86
		{33FADC5E-1B8F-4704-A1DB-4D9F393B31CF}.Debug|Mixed Platforms.ActiveCfg = Debug|x86
		{33FADC5E-1B8F-4704-A1DB-4D9F393B31CF}.Debug|Mixed Platforms.Build.0 = Debug|x86
		{33FADC5E-1B8F-4704-A1DB-4D9F393B31CF}.Debug|x86.ActiveCfg = Debug|x86
		{33FADC5E-1B8F-4704-A1DB-4D9F393B31CF}.Debug|x86.Build.0 = Debug|x86
		{33FADC5E-1B8F-4704-A1DB-4D9F393B31CF}.Release|Any CPU.ActiveCfg = Release|x86
		{33FADC5E-1B8F-4704-A1DB-4D9F393B31CF}.Release|Mixed Platforms.ActiveCfg = Release|x86
		{33FADC5E-1B8F-4704-A1DB-4D9F393B31CF}.Release|Mixed Platforms.Build.0 = Release|x86
		{33FADC5E-1B8F-4704-A1DB-4D9F393B31CF}.Release|x86.ActiveCfg = Release|x86
		{33FADC5E-1B8F-4704-A1DB-4D9F393B31CF}.Release|x86.Build.0 = Release|x86
		{A3CE99A1-C587-4AC0-89D2-BD2FC0EF76DE}.Debug|Any CPU.ActiveCfg = Debug|x86
		{A3CE99A1-C587-4AC0-89D2-BD2FC0EF76DE}.Debug|Mixed Platforms.ActiveCfg = Debug|x86
		{A3CE99A1-C587-4AC0-89D2-BD2FC0EF76DE}.Debug|Mixed Platforms.Build.0 = Debug|x86
		{A3CE99A1-C587-4AC0-89D2-BD2FC0EF76DE}.Debug|x86.ActiveCfg = Debug|x86
		{A3CE99A1-C587-4AC0-89D2-BD2FC0EF76DE}.Debug|x86.Build.0 = Debug|x86
		{A3CE99A1-C587-4AC0-89D2-BD2FC0EF76DE}.Release|Any CPU.ActiveCfg = Release|x86
		{A3CE99A1-C587-4AC0-89D2-BD2FC0EF76DE}.Release|Mixed Platforms.ActiveCfg = Release|x86
		{A3CE99A1-C587-4AC0-89D2-BD2FC0EF76DE}.Release|Mixed Platforms.Build.0 = Release|x86
		{A3CE99A1-C587-4AC0-89D2-BD2FC0EF76DE}.Release|x86.ActiveCfg = Release|x86
		{A3CE99A1-C587-4AC0-89D2-BD2FC0EF76DE}.Release|x86.Build.0 = Release|x86
		{32398AD4-7205-4EB9-A88A-0B93839F1541}.Debug|Any CPU.ActiveCfg = Debug|x86
		{32398AD4-7205-4EB9-A88A-0B93839F1541}.Debug|Mixed Platforms.ActiveCfg = Debug|x86
		{32398AD4-7205-4EB9-A88A-0B93839F1541}.Debug|Mixed Platforms.Build.0 = Debug|x86
		{32398AD4-7205-4EB9-A88A-0B93839F1541}.Debug|x86.ActiveCfg = Debug|x86
		{32398AD4-7205-4EB9-A88A-0B93839F1541}.Debug|x86.Build.0 = Debug|x86
		{32398AD4-7205-4EB9-A88A-0B93839F1541}.Release|Any CPU.ActiveCfg = Release|x86
		{32398AD4-7205-4EB9-A88A-0B93839F1541}.Release|Mixed Platforms.ActiveCfg = Release|x86
		{32398AD4-7205-4EB9-A88A-0B93839F1541}.Release|Mixed Platforms.Build.0 = Release|x86
		{32398AD4-7205-4EB9-A88A-0B93839F1541}.Release|x86.ActiveCfg = Release|x86
		{32398AD4-7205-4EB9-A88A-0B93839F1541}.Release|x86.Build.0 = Release|x86
		{4DD16D42-8CCE-4557-863C-F47D81DD3498}.Debug|Any CPU.ActiveCfg = Debug|x86
		{4DD16D42-8CCE-4557-863C-F47D81DD3498}.Debug|Mixed Platforms.ActiveCfg = Debug|x86
		{4DD16D42-8CCE-4557-863C-F47D81DD3498}.Debug|Mixed Platforms.Build.0 = Debug|x86
		{4DD16D42-8CCE-4557-863C-F47D81DD3498}.Debug|x86.ActiveCfg = Debug|x86
		{4DD16D42-8CCE-4557-863C-F47D81DD3498}.Debug|x86.Build.0 = Debug|x86
		{4DD16D42-8CCE-4557-863C-F47D81DD3498}.Release|Any CPU.ActiveCfg = Release|x86
		{4DD16D42-8CCE-4557-863C-F47D81DD3498}.Release|Mixed Platforms.ActiveCfg = Release|x86
		{4DD16D42-8CCE-4557-863C-F47D81DD3498}.Release|Mixed Platforms.Build.0 = Release|x86
		{4DD16D42-8CCE-4557-863C-F47D81DD3498}.Release|x86.ActiveCfg = Release|x86
		{4DD16D42-8CCE-4557-863C-F47D81DD3498}.Release|x86.Build.0 = Release|x86
		{D06001D0-C8BF-4187-8A97-E9161A545914}.Debug|Any CPU.ActiveCfg = Debug|x86
		{D06001D0-C8BF-4187-8A97-E9161A545914}.Debug|Mixed Platforms.ActiveCfg = Debug|x86
		{D06001D0-C8BF-4187-8A97-E9161A545914}.Debug|Mixed Platforms.Build.0 = Debug|x86
		{D06001D0-C8BF-4187-8A97-E9161A545914}.Debug|x86.ActiveCfg = Debug|x86
		{D06001D0-C8BF-4187-8A97-E9161A545914}.Debug|x86.Build.0 = Debug|x86
		{D06001D0-C8BF-4187-8A97-E9161A545914}.Release|Any CPU.ActiveCfg = Release|x86
		{D06001D0-C8BF-4187-8A97-E9161A545914}.Release|Mixed Platforms.ActiveCfg = Release|x86
		{D06001D0-C8BF-4187-8A97-E9161A545914}.Release|Mixed Platforms.Build.0 = Release|x86
		{D06001D0-C8BF-4187-8A97-E9161A545914}.Release|x86.ActiveCfg = Release|x86
		{D06001D0-C8BF-4187-8A97-E9161A545914}.Release|x86.Build.0 = Release|x86
		{2B8C8839-026C-4030-A2D6-EE8A7DFDD5C0}.Debug|Any CPU.ActiveCfg = Debug|x86
		{2B8C8839-026C-4030-A2D6-EE8A7DFDD5C0}.Debug|Mixed Platforms.ActiveCfg = Debug|x86
		{2B8C8839-026C-4030-A2D6-EE8A7DFDD5C0}.Debug|Mixed Platforms.Build.0 = Debug|x86
		{2B8C8839-026C-4030-A2D6-EE8A7DFDD5C0}.Debug|x86.ActiveCfg = Debug|x86
		{2B8C8839-026C-4030-A2D6-EE8A7DFDD5C0}.Debug|x86.Build.0 = Debug|x86
		{2B8C8839-026C-4030-A2D6-EE8A7DFDD5C0}.Release|Any CPU.ActiveCfg = Release|x86
		{2B8C8839-026C-4030-A2D6-EE8A7DFDD5C0}.Release|Mixed Platforms.ActiveCfg = Release|x86
		{2B8C8839-026C-4030-A2D6-EE8A7DFDD5C0}.Release|Mixed Platforms.Build.0 = Release|x86
		{2B8C8839-026C-4030-A2D6-EE8A7DFDD5C0}.Release|x86.ActiveCfg = Release|x86
		{2B8C8839-026C-4030-A2D6-EE8A7DFDD5C0}.Release|x86.Build.0 = Release|x86
		{46502E73-9957-4229-9759-8B83B842A91F}.Debug|Any CPU.ActiveCfg = Debug|x86
		{46502E73-9957-4229-9759-8B83B842A91F}.Debug|Mixed Platforms.ActiveCfg = Debug|x86
		{46502E73-9957-4229-9759-8B83B842A91F}.Debug|Mixed Platforms.Build.0 = Debug|x86
		{46502E73-9957-4229-9759-8B83B842A91F}.Debug|x86.ActiveCfg = Debug|x86
		{46502E73-9957-4229-9759-8B83B842A91F}.Debug|x86.Build.0 = Debug|x86
		{46502E73-9957-4229-9759-8B83B842A91F}.Release|Any CPU.ActiveCfg = Release|x86
		{46502E73-9957-4229-9759-8B83B842A91F}.Release|Mixed Platforms.ActiveCfg = Release|x86
		{46502E73-9957-4229-9759-8B83B842A91F}.Release|Mixed Platforms.Build.0 = Release|x86
		{46502E73-9957-4229-9759-8B83B842A91F}.Release|x86.ActiveCfg = Release|x86
		{46502E73-9957-4229-9759-8B83B842A91F}.Release|x86.Build.0 = Release|x86
		{59A8BE0E-4238-4F00-986E-6E51E0E33FD2}.Debug|Any CPU.ActiveCfg = Debug|Any CPU
		{59A8BE0E-4238-4F00-986E-6E51E0E33FD2}.Debug|Any CPU.Build.0 = Debug|Any CPU
		{59A8BE0E-4238-4F00-986E-6E51E0E33FD2}.Debug|Mixed Platforms.ActiveCfg = Debug|Any CPU
		{59A8BE0E-4238-4F00-986E-6E51E0E33FD2}.Debug|Mixed Platforms.Build.0 = Debug|Any CPU
		{59A8BE0E-4238-4F00-986E-6E51E0E33FD2}.Debug|x86.ActiveCfg = Debug|Any CPU
		{59A8BE0E-4238-4F00-986E-6E51E0E33FD2}.Release|Any CPU.ActiveCfg = Release|Any CPU
		{59A8BE0E-4238-4F00-986E-6E51E0E33FD2}.Release|Any CPU.Build.0 = Release|Any CPU
		{59A8BE0E-4238-4F00-986E-6E51E0E33FD2}.Release|Mixed Platforms.ActiveCfg = Release|Any CPU
		{59A8BE0E-4238-4F00-986E-6E51E0E33FD2}.Release|Mixed Platforms.Build.0 = Release|Any CPU
		{59A8BE0E-4238-4F00-986E-6E51E0E33FD2}.Release|x86.ActiveCfg = Release|Any CPU
		{587DFF05-C323-4F01-B31A-1995FEB73E46}.Debug|Any CPU.ActiveCfg = Debug|x86
		{587DFF05-C323-4F01-B31A-1995FEB73E46}.Debug|Mixed Platforms.ActiveCfg = Debug|x86
		{587DFF05-C323-4F01-B31A-1995FEB73E46}.Debug|Mixed Platforms.Build.0 = Debug|x86
		{587DFF05-C323-4F01-B31A-1995FEB73E46}.Debug|x86.ActiveCfg = Debug|x86
		{587DFF05-C323-4F01-B31A-1995FEB73E46}.Debug|x86.Build.0 = Debug|x86
		{587DFF05-C323-4F01-B31A-1995FEB73E46}.Release|Any CPU.ActiveCfg = Release|x86
		{587DFF05-C323-4F01-B31A-1995FEB73E46}.Release|Mixed Platforms.ActiveCfg = Release|x86
		{587DFF05-C323-4F01-B31A-1995FEB73E46}.Release|Mixed Platforms.Build.0 = Release|x86
		{587DFF05-C323-4F01-B31A-1995FEB73E46}.Release|x86.ActiveCfg = Release|x86
		{587DFF05-C323-4F01-B31A-1995FEB73E46}.Release|x86.Build.0 = Release|x86
		{12CE232B-8E32-4937-A429-5021369451F5}.Debug|Any CPU.ActiveCfg = Debug|x86
		{12CE232B-8E32-4937-A429-5021369451F5}.Debug|Mixed Platforms.ActiveCfg = Debug|x86
		{12CE232B-8E32-4937-A429-5021369451F5}.Debug|Mixed Platforms.Build.0 = Debug|x86
		{12CE232B-8E32-4937-A429-5021369451F5}.Debug|x86.ActiveCfg = Debug|x86
		{12CE232B-8E32-4937-A429-5021369451F5}.Debug|x86.Build.0 = Debug|x86
		{12CE232B-8E32-4937-A429-5021369451F5}.Release|Any CPU.ActiveCfg = Release|x86
		{12CE232B-8E32-4937-A429-5021369451F5}.Release|Mixed Platforms.ActiveCfg = Release|x86
		{12CE232B-8E32-4937-A429-5021369451F5}.Release|Mixed Platforms.Build.0 = Release|x86
		{12CE232B-8E32-4937-A429-5021369451F5}.Release|x86.ActiveCfg = Release|x86
		{12CE232B-8E32-4937-A429-5021369451F5}.Release|x86.Build.0 = Release|x86
	EndGlobalSection
	GlobalSection(SolutionProperties) = preSolution
		HideSolutionNode = FALSE
	EndGlobalSection
EndGlobal
